// !$*UTF8*$!
{
	archiveVersion = 1;
	classes = {
	};
	objectVersion = 50;
	objects = {

/* Begin PBXBuildFile section */
		F1D5E48D213C81B6006D92B5 /* AppDelegate.swift in Sources */ = {isa = PBXBuildFile; fileRef = F1D5E48C213C81B6006D92B5 /* AppDelegate.swift */; };
		F1D5E48F213C81B6006D92B5 /* ViewController.swift in Sources */ = {isa = PBXBuildFile; fileRef = F1D5E48E213C81B6006D92B5 /* ViewController.swift */; };
		F1D5E492213C81B6006D92B5 /* Main.storyboard in Resources */ = {isa = PBXBuildFile; fileRef = F1D5E490213C81B6006D92B5 /* Main.storyboard */; };
		F1D5E494213C81B7006D92B5 /* Assets.xcassets in Resources */ = {isa = PBXBuildFile; fileRef = F1D5E493213C81B7006D92B5 /* Assets.xcassets */; };
		F1D5E497213C81B7006D92B5 /* LaunchScreen.storyboard in Resources */ = {isa = PBXBuildFile; fileRef = F1D5E495213C81B7006D92B5 /* LaunchScreen.storyboard */; };
		F1D5E4A0213C81C3006D92B5 /* MKLabel.swift in Sources */ = {isa = PBXBuildFile; fileRef = F1D5E49F213C81C3006D92B5 /* MKLabel.swift */; };
/* End PBXBuildFile section */

/* Begin PBXFileReference section */
		F1D5E489213C81B6006D92B5 /* MKLabel.app */ = {isa = PBXFileReference; explicitFileType = wrapper.application; includeInIndex = 0; path = MKLabel.app; sourceTree = BUILT_PRODUCTS_DIR; };
		F1D5E48C213C81B6006D92B5 /* AppDelegate.swift */ = {isa = PBXFileReference; lastKnownFileType = sourcecode.swift; path = AppDelegate.swift; sourceTree = "<group>"; };
		F1D5E48E213C81B6006D92B5 /* ViewController.swift */ = {isa = PBXFileReference; lastKnownFileType = sourcecode.swift; path = ViewController.swift; sourceTree = "<group>"; };
		F1D5E491213C81B6006D92B5 /* Base */ = {isa = PBXFileReference; lastKnownFileType = file.storyboard; name = Base; path = Base.lproj/Main.storyboard; sourceTree = "<group>"; };
		F1D5E493213C81B7006D92B5 /* Assets.xcassets */ = {isa = PBXFileReference; lastKnownFileType = folder.assetcatalog; path = Assets.xcassets; sourceTree = "<group>"; };
		F1D5E496213C81B7006D92B5 /* Base */ = {isa = PBXFileReference; lastKnownFileType = file.storyboard; name = Base; path = Base.lproj/LaunchScreen.storyboard; sourceTree = "<group>"; };
		F1D5E498213C81B7006D92B5 /* Info.plist */ = {isa = PBXFileReference; lastKnownFileType = text.plist.xml; path = Info.plist; sourceTree = "<group>"; };
		F1D5E49F213C81C3006D92B5 /* MKLabel.swift */ = {isa = PBXFileReference; fileEncoding = 4; lastKnownFileType = sourcecode.swift; path = MKLabel.swift; sourceTree = "<group>"; };
/* End PBXFileReference section */

/* Begin PBXFrameworksBuildPhase section */
		F1D5E486213C81B6006D92B5 /* Frameworks */ = {
			isa = PBXFrameworksBuildPhase;
			buildActionMask = 2147483647;
			files = (
			);
			runOnlyForDeploymentPostprocessing = 0;
		};
/* End PBXFrameworksBuildPhase section */

/* Begin PBXGroup section */
		F1D5E480213C81B6006D92B5 = {
			isa = PBXGroup;
			children = (
				F1D5E48B213C81B6006D92B5 /* MKLabel */,
				F1D5E48A213C81B6006D92B5 /* Products */,
			);
			sourceTree = "<group>";
		};
		F1D5E48A213C81B6006D92B5 /* Products */ = {
			isa = PBXGroup;
			children = (
				F1D5E489213C81B6006D92B5 /* MKLabel.app */,
			);
			name = Products;
			sourceTree = "<group>";
		};
		F1D5E48B213C81B6006D92B5 /* MKLabel */ = {
			isa = PBXGroup;
			children = (
				F1D5E49E213C81C3006D92B5 /* MKLabel */,
				F1D5E48C213C81B6006D92B5 /* AppDelegate.swift */,
				F1D5E48E213C81B6006D92B5 /* ViewController.swift */,
				F1D5E490213C81B6006D92B5 /* Main.storyboard */,
				F1D5E493213C81B7006D92B5 /* Assets.xcassets */,
				F1D5E495213C81B7006D92B5 /* LaunchScreen.storyboard */,
				F1D5E498213C81B7006D92B5 /* Info.plist */,
			);
			path = MKLabel;
			sourceTree = "<group>";
		};
		F1D5E49E213C81C3006D92B5 /* MKLabel */ = {
			isa = PBXGroup;
			children = (
				F1D5E49F213C81C3006D92B5 /* MKLabel.swift */,
			);
			name = MKLabel;
			path = ../../../MKLabel;
			sourceTree = "<group>";
		};
/* End PBXGroup section */

/* Begin PBXNativeTarget section */
		F1D5E488213C81B6006D92B5 /* MKLabel */ = {
			isa = PBXNativeTarget;
			buildConfigurationList = F1D5E49B213C81B7006D92B5 /* Build configuration list for PBXNativeTarget "MKLabel" */;
			buildPhases = (
				F1D5E485213C81B6006D92B5 /* Sources */,
				F1D5E486213C81B6006D92B5 /* Frameworks */,
				F1D5E487213C81B6006D92B5 /* Resources */,
				9CBA1FA9216E04E8004FE44C /* ShellScript */,
			);
			buildRules = (
			);
			dependencies = (
			);
			name = MKLabel;
			productName = MKLabel;
			productReference = F1D5E489213C81B6006D92B5 /* MKLabel.app */;
			productType = "com.apple.product-type.application";
		};
/* End PBXNativeTarget section */

/* Begin PBXProject section */
		F1D5E481213C81B6006D92B5 /* Project object */ = {
			isa = PBXProject;
			attributes = {
				LastSwiftUpdateCheck = 1000;
				LastUpgradeCheck = 1000;
				ORGANIZATIONNAME = Sargis;
				TargetAttributes = {
					F1D5E488213C81B6006D92B5 = {
						CreatedOnToolsVersion = 10.0;
					};
				};
			};
			buildConfigurationList = F1D5E484213C81B6006D92B5 /* Build configuration list for PBXProject "MKLabel" */;
			compatibilityVersion = "Xcode 9.3";
			developmentRegion = en;
			hasScannedForEncodings = 0;
			knownRegions = (
				en,
				Base,
			);
			mainGroup = F1D5E480213C81B6006D92B5;
			productRefGroup = F1D5E48A213C81B6006D92B5 /* Products */;
			projectDirPath = "";
			projectRoot = "";
			targets = (
				F1D5E488213C81B6006D92B5 /* MKLabel */,
			);
		};
/* End PBXProject section */

/* Begin PBXResourcesBuildPhase section */
		F1D5E487213C81B6006D92B5 /* Resources */ = {
			isa = PBXResourcesBuildPhase;
			buildActionMask = 2147483647;
			files = (
				F1D5E497213C81B7006D92B5 /* LaunchScreen.storyboard in Resources */,
				F1D5E494213C81B7006D92B5 /* Assets.xcassets in Resources */,
				F1D5E492213C81B6006D92B5 /* Main.storyboard in Resources */,
			);
			runOnlyForDeploymentPostprocessing = 0;
		};
/* End PBXResourcesBuildPhase section */

/* Begin PBXShellScriptBuildPhase section */
		9CBA1FA9216E04E8004FE44C /* ShellScript */ = {
			isa = PBXShellScriptBuildPhase;
			buildActionMask = 2147483647;
			files = (
			);
			inputFileListPaths = (
			);
			inputPaths = (
			);
			outputFileListPaths = (
			);
			outputPaths = (
			);
			runOnlyForDeploymentPostprocessing = 0;
			shellPath = /bin/sh;
			shellScript = "if which swiftlint >/dev/null; then\nswiftlint\nelse\necho \"warning: SwiftLint not installed, download from https://github.com/realm/SwiftLint\"\nfi\n";
		};
/* End PBXShellScriptBuildPhase section */

/* Begin PBXSourcesBuildPhase section */
		F1D5E485213C81B6006D92B5 /* Sources */ = {
			isa = PBXSourcesBuildPhase;
			buildActionMask = 2147483647;
			files = (
				F1D5E4A0213C81C3006D92B5 /* MKLabel.swift in Sources */,
				F1D5E48F213C81B6006D92B5 /* ViewController.swift in Sources */,
				F1D5E48D213C81B6006D92B5 /* AppDelegate.swift in Sources */,
			);
			runOnlyForDeploymentPostprocessing = 0;
		};
/* End PBXSourcesBuildPhase section */

/* Begin PBXVariantGroup section */
		F1D5E490213C81B6006D92B5 /* Main.storyboard */ = {
			isa = PBXVariantGroup;
			children = (
				F1D5E491213C81B6006D92B5 /* Base */,
			);
			name = Main.storyboard;
			sourceTree = "<group>";
		};
		F1D5E495213C81B7006D92B5 /* LaunchScreen.storyboard */ = {
			isa = PBXVariantGroup;
			children = (
				F1D5E496213C81B7006D92B5 /* Base */,
			);
			name = LaunchScreen.storyboard;
			sourceTree = "<group>";
		};
/* End PBXVariantGroup section */

/* Begin XCBuildConfiguration section */
		F1D5E499213C81B7006D92B5 /* Debug */ = {
			isa = XCBuildConfiguration;
			buildSettings = {
				ALWAYS_SEARCH_USER_PATHS = NO;
				CLANG_ANALYZER_NONNULL = YES;
				CLANG_ANALYZER_NUMBER_OBJECT_CONVERSION = YES_AGGRESSIVE;
				CLANG_CXX_LANGUAGE_STANDARD = "gnu++14";
				CLANG_CXX_LIBRARY = "libc++";
				CLANG_ENABLE_MODULES = YES;
				CLANG_ENABLE_OBJC_ARC = YES;
				CLANG_ENABLE_OBJC_WEAK = YES;
				CLANG_WARN_BLOCK_CAPTURE_AUTORELEASING = YES;
				CLANG_WARN_BOOL_CONVERSION = YES;
				CLANG_WARN_COMMA = YES;
				CLANG_WARN_CONSTANT_CONVERSION = YES;
				CLANG_WARN_DEPRECATED_OBJC_IMPLEMENTATIONS = YES;
				CLANG_WARN_DIRECT_OBJC_ISA_USAGE = YES_ERROR;
				CLANG_WARN_DOCUMENTATION_COMMENTS = YES;
				CLANG_WARN_EMPTY_BODY = YES;
				CLANG_WARN_ENUM_CONVERSION = YES;
				CLANG_WARN_INFINITE_RECURSION = YES;
				CLANG_WARN_INT_CONVERSION = YES;
				CLANG_WARN_NON_LITERAL_NULL_CONVERSION = YES;
				CLANG_WARN_OBJC_IMPLICIT_RETAIN_SELF = YES;
				CLANG_WARN_OBJC_LITERAL_CONVERSION = YES;
				CLANG_WARN_OBJC_ROOT_CLASS = YES_ERROR;
				CLANG_WARN_RANGE_LOOP_ANALYSIS = YES;
				CLANG_WARN_STRICT_PROTOTYPES = YES;
				CLANG_WARN_SUSPICIOUS_MOVE = YES;
				CLANG_WARN_UNGUARDED_AVAILABILITY = YES_AGGRESSIVE;
				CLANG_WARN_UNREACHABLE_CODE = YES;
				CLANG_WARN__DUPLICATE_METHOD_MATCH = YES;
				CODE_SIGN_IDENTITY = "iPhone Developer";
				COPY_PHASE_STRIP = NO;
				DEBUG_INFORMATION_FORMAT = dwarf;
				ENABLE_STRICT_OBJC_MSGSEND = YES;
				ENABLE_TESTABILITY = YES;
				GCC_C_LANGUAGE_STANDARD = gnu11;
				GCC_DYNAMIC_NO_PIC = NO;
				GCC_NO_COMMON_BLOCKS = YES;
				GCC_OPTIMIZATION_LEVEL = 0;
				GCC_PREPROCESSOR_DEFINITIONS = (
					"DEBUG=1",
					"$(inherited)",
				);
				GCC_WARN_64_TO_32_BIT_CONVERSION = YES;
				GCC_WARN_ABOUT_RETURN_TYPE = YES_ERROR;
				GCC_WARN_UNDECLARED_SELECTOR = YES;
				GCC_WARN_UNINITIALIZED_AUTOS = YES_AGGRESSIVE;
				GCC_WARN_UNUSED_FUNCTION = YES;
				GCC_WARN_UNUSED_VARIABLE = YES;
				IPHONEOS_DEPLOYMENT_TARGET = 12.0;
				MTL_ENABLE_DEBUG_INFO = INCLUDE_SOURCE;
				ONLY_ACTIVE_ARCH = YES;
				SDKROOT = iphoneos;
				SWIFT_ACTIVE_COMPILATION_CONDITIONS = DEBUG;
				SWIFT_OPTIMIZATION_LEVEL = "-Onone";
			};
			name = Debug;
		};
		F1D5E49A213C81B7006D92B5 /* Release */ = {
			isa = XCBuildConfiguration;
			buildSettings = {
				ALWAYS_SEARCH_USER_PATHS = NO;
				CLANG_ANALYZER_NONNULL = YES;
				CLANG_ANALYZER_NUMBER_OBJECT_CONVERSION = YES_AGGRESSIVE;
				CLANG_CXX_LANGUAGE_STANDARD = "gnu++14";
				CLANG_CXX_LIBRARY = "libc++";
				CLANG_ENABLE_MODULES = YES;
				CLANG_ENABLE_OBJC_ARC = YES;
				CLANG_ENABLE_OBJC_WEAK = YES;
				CLANG_WARN_BLOCK_CAPTURE_AUTORELEASING = YES;
				CLANG_WARN_BOOL_CONVERSION = YES;
				CLANG_WARN_COMMA = YES;
				CLANG_WARN_CONSTANT_CONVERSION = YES;
				CLANG_WARN_DEPRECATED_OBJC_IMPLEMENTATIONS = YES;
				CLANG_WARN_DIRECT_OBJC_ISA_USAGE = YES_ERROR;
				CLANG_WARN_DOCUMENTATION_COMMENTS = YES;
				CLANG_WARN_EMPTY_BODY = YES;
				CLANG_WARN_ENUM_CONVERSION = YES;
				CLANG_WARN_INFINITE_RECURSION = YES;
				CLANG_WARN_INT_CONVERSION = YES;
				CLANG_WARN_NON_LITERAL_NULL_CONVERSION = YES;
				CLANG_WARN_OBJC_IMPLICIT_RETAIN_SELF = YES;
				CLANG_WARN_OBJC_LITERAL_CONVERSION = YES;
				CLANG_WARN_OBJC_ROOT_CLASS = YES_ERROR;
				CLANG_WARN_RANGE_LOOP_ANALYSIS = YES;
				CLANG_WARN_STRICT_PROTOTYPES = YES;
				CLANG_WARN_SUSPICIOUS_MOVE = YES;
				CLANG_WARN_UNGUARDED_AVAILABILITY = YES_AGGRESSIVE;
				CLANG_WARN_UNREACHABLE_CODE = YES;
				CLANG_WARN__DUPLICATE_METHOD_MATCH = YES;
				CODE_SIGN_IDENTITY = "iPhone Developer";
				COPY_PHASE_STRIP = NO;
				DEBUG_INFORMATION_FORMAT = "dwarf-with-dsym";
				ENABLE_NS_ASSERTIONS = NO;
				ENABLE_STRICT_OBJC_MSGSEND = YES;
				GCC_C_LANGUAGE_STANDARD = gnu11;
				GCC_NO_COMMON_BLOCKS = YES;
				GCC_WARN_64_TO_32_BIT_CONVERSION = YES;
				GCC_WARN_ABOUT_RETURN_TYPE = YES_ERROR;
				GCC_WARN_UNDECLARED_SELECTOR = YES;
				GCC_WARN_UNINITIALIZED_AUTOS = YES_AGGRESSIVE;
				GCC_WARN_UNUSED_FUNCTION = YES;
				GCC_WARN_UNUSED_VARIABLE = YES;
				IPHONEOS_DEPLOYMENT_TARGET = 12.0;
				MTL_ENABLE_DEBUG_INFO = NO;
				SDKROOT = iphoneos;
				SWIFT_COMPILATION_MODE = wholemodule;
				SWIFT_OPTIMIZATION_LEVEL = "-O";
				VALIDATE_PRODUCT = YES;
			};
			name = Release;
		};
		F1D5E49C213C81B7006D92B5 /* Debug */ = {
			isa = XCBuildConfiguration;
			buildSettings = {
				ASSETCATALOG_COMPILER_APPICON_NAME = AppIcon;
				CODE_SIGN_IDENTITY = "iPhone Developer";
				CODE_SIGN_STYLE = Automatic;
				DEVELOPMENT_TEAM = YZRGPNYSUR;
				INFOPLIST_FILE = MKLabel/Info.plist;
				LD_RUNPATH_SEARCH_PATHS = (
					"$(inherited)",
					"@executable_path/Frameworks",
				);
				PRODUCT_BUNDLE_IDENTIFIER = com.sargis.MKLabel2;
				PRODUCT_NAME = "$(TARGET_NAME)";
				PROVISIONING_PROFILE_SPECIFIER = "";
				SWIFT_VERSION = 4.2;
				TARGETED_DEVICE_FAMILY = "1,2";
			};
			name = Debug;
		};
		F1D5E49D213C81B7006D92B5 /* Release */ = {
			isa = XCBuildConfiguration;
			buildSettings = {
				ASSETCATALOG_COMPILER_APPICON_NAME = AppIcon;
				CODE_SIGN_IDENTITY = "iPhone Developer";
				CODE_SIGN_STYLE = Automatic;
				DEVELOPMENT_TEAM = YZRGPNYSUR;
				INFOPLIST_FILE = MKLabel/Info.plist;
				LD_RUNPATH_SEARCH_PATHS = (
					"$(inherited)",
					"@executable_path/Frameworks",
				);
				PRODUCT_BUNDLE_IDENTIFIER = com.sargis.MKLabel2;
				PRODUCT_NAME = "$(TARGET_NAME)";
				PROVISIONING_PROFILE_SPECIFIER = "";
				SWIFT_VERSION = 4.2;
				TARGETED_DEVICE_FAMILY = "1,2";
			};
			name = Release;
		};
/* End XCBuildConfiguration section */

/* Begin XCConfigurationList section */
		F1D5E484213C81B6006D92B5 /* Build configuration list for PBXProject "MKLabel" */ = {
			isa = XCConfigurationList;
			buildConfigurations = (
				F1D5E499213C81B7006D92B5 /* Debug */,
				F1D5E49A213C81B7006D92B5 /* Release */,
			);
			defaultConfigurationIsVisible = 0;
			defaultConfigurationName = Release;
		};
		F1D5E49B213C81B7006D92B5 /* Build configuration list for PBXNativeTarget "MKLabel" */ = {
			isa = XCConfigurationList;
			buildConfigurations = (
				F1D5E49C213C81B7006D92B5 /* Debug */,
				F1D5E49D213C81B7006D92B5 /* Release */,
			);
			defaultConfigurationIsVisible = 0;
			defaultConfigurationName = Release;
		};
/* End XCConfigurationList section */
	};
	rootObject = F1D5E481213C81B6006D92B5 /* Project object */;
}
